Microsoft Visual Studio Solution File, Format Version 12.00
# Visual Studio Version 17
VisualStudioVersion = 17.0.31611.283
MinimumVisualStudioVersion = 10.0.40219.1
Project("{FAE04EC0-301F-11D3-BF4B-00C04F79EFBC}") = "InternetWideWorld.Server", "InternetWideWorld.Server\InternetWideWorld.Server.csproj", "{C5413A84-4D3D-451E-AA83-8427A85F1508}"
EndProject
Project("{FAE04EC0-301F-11D3-BF4B-00C04F79EFBC}") = "InternetWideWorld.Client", "InternetWideWorld.Client\InternetWideWorld.Client.csproj", "{E8F7539B-400F-42D4-B5BA-7D3D8BB39849}"
EndProject
Project("{FAE04EC0-301F-11D3-BF4B-00C04F79EFBC}") = "InternetWideWorld.Shared", "InternetWideWorld.Shared\InternetWideWorld.Shared.csproj", "{73CAEB35-8B36-4DB2-97F8-EB805D153E97}"
EndProject
Global
	GlobalSection(SolutionConfigurationPlatforms) = preSolution
		Debug|Any CPU = Debug|Any CPU
		Release|Any CPU = Release|Any CPU
	EndGlobalSection
	GlobalSection(ProjectConfigurationPlatforms) = postSolution
		{C5413A84-4D3D-451E-AA83-8427A85F1508}.Debug|Any CPU.ActiveCfg = Debug|Any CPU
		{C5413A84-4D3D-451E-AA83-8427A85F1508}.Debug|Any CPU.Build.0 = Debug|Any CPU
		{C5413A84-4D3D-451E-AA83-8427A85F1508}.Release|Any CPU.ActiveCfg = Release|Any CPU
		{C5413A84-4D3D-451E-AA83-8427A85F1508}.Release|Any CPU.Build.0 = Release|Any CPU
		{E8F7539B-400F-42D4-B5BA-7D3D8BB39849}.Debug|Any CPU.ActiveCfg = Debug|Any CPU
		{E8F7539B-400F-42D4-B5BA-7D3D8BB39849}.Debug|Any CPU.Build.0 = Debug|Any CPU
		{E8F7539B-400F-42D4-B5BA-7D3D8BB39849}.Debug|Any CPU.Deploy.0 = Debug|Any CPU
		{E8F7539B-400F-42D4-B5BA-7D3D8BB39849}.Release|Any CPU.ActiveCfg = Release|Any CPU
		{E8F7539B-400F-42D4-B5BA-7D3D8BB39849}.Release|Any CPU.Build.0 = Release|Any CPU
		{E8F7539B-400F-42D4-B5BA-7D3D8BB39849}.Release|Any CPU.Deploy.0 = Release|Any CPU
		{73CAEB35-8B36-4DB2-97F8-EB805D153E97}.Debug|Any CPU.ActiveCfg = Debug|Any CPU
		{73CAEB35-8B36-4DB2-97F8-EB805D153E97}.Debug|Any CPU.Build.0 = Debug|Any CPU
		{73CAEB35-8B36-4DB2-97F8-EB805D153E97}.Release|Any CPU.ActiveCfg = Release|Any CPU
		{73CAEB35-8B36-4DB2-97F8-EB805D153E97}.Release|Any CPU.Build.0 = Release|Any CPU
	EndGlobalSection
	GlobalSection(SolutionProperties) = preSolution
		HideSolutionNode = FALSE
	EndGlobalSection
	GlobalSection(ExtensibilityGlobals) = postSolution
		SolutionGuid = {61F7FB11-1E47-470C-91E2-47F8143E1572}
	EndGlobalSection
EndGlobal
